// !$*UTF8*$!
{
	archiveVersion = 1;
	classes = {
	};
	objectVersion = 50;
	objects = {

/* Begin PBXBuildFile section */
		D20E79802474137200781624 /* AppDelegate.swift in Sources */ = {isa = PBXBuildFile; fileRef = D20E797F2474137200781624 /* AppDelegate.swift */; };
		D20E79822474137200781624 /* SceneDelegate.swift in Sources */ = {isa = PBXBuildFile; fileRef = D20E79812474137200781624 /* SceneDelegate.swift */; };
		D20E79842474137200781624 /* RepoListViewController.swift in Sources */ = {isa = PBXBuildFile; fileRef = D20E79832474137200781624 /* RepoListViewController.swift */; };
		D20E798A2474137200781624 /* GitHubRepoList.xcdatamodeld in Sources */ = {isa = PBXBuildFile; fileRef = D20E79882474137200781624 /* GitHubRepoList.xcdatamodeld */; };
		D20E798C2474137400781624 /* Assets.xcassets in Resources */ = {isa = PBXBuildFile; fileRef = D20E798B2474137400781624 /* Assets.xcassets */; };
		D20E799A2474137400781624 /* GitHubRepoListTests.swift in Sources */ = {isa = PBXBuildFile; fileRef = D20E79992474137400781624 /* GitHubRepoListTests.swift */; };
		D20E79A52474137500781624 /* GitHubRepoListUITests.swift in Sources */ = {isa = PBXBuildFile; fileRef = D20E79A42474137500781624 /* GitHubRepoListUITests.swift */; };
		D20E79B92474182700781624 /* RepoListDataSource.swift in Sources */ = {isa = PBXBuildFile; fileRef = D20E79B82474182700781624 /* RepoListDataSource.swift */; };
		D20E79BB24741B1500781624 /* ApiService.swift in Sources */ = {isa = PBXBuildFile; fileRef = D20E79BA24741B1500781624 /* ApiService.swift */; };
		D270A8B62476CAC800FE4686 /* Alamofire.framework in Frameworks */ = {isa = PBXBuildFile; fileRef = D270A8B52476CAC800FE4686 /* Alamofire.framework */; };
		D270A8B72476CAC800FE4686 /* Alamofire.framework in Embed Frameworks */ = {isa = PBXBuildFile; fileRef = D270A8B52476CAC800FE4686 /* Alamofire.framework */; settings = {ATTRIBUTES = (CodeSignOnCopy, RemoveHeadersOnCopy, ); }; };
		D270A8BA2476CAE100FE4686 /* SwiftyJSON.framework in Frameworks */ = {isa = PBXBuildFile; fileRef = D270A8B92476CAE100FE4686 /* SwiftyJSON.framework */; };
		D270A8BB2476CAE100FE4686 /* SwiftyJSON.framework in Embed Frameworks */ = {isa = PBXBuildFile; fileRef = D270A8B92476CAE100FE4686 /* SwiftyJSON.framework */; settings = {ATTRIBUTES = (CodeSignOnCopy, RemoveHeadersOnCopy, ); }; };
		D270A8BD2476CAF300FE4686 /* RxSwift.framework in Frameworks */ = {isa = PBXBuildFile; fileRef = D270A8BC2476CAF300FE4686 /* RxSwift.framework */; };
		D270A8BE2476CAF300FE4686 /* RxSwift.framework in Embed Frameworks */ = {isa = PBXBuildFile; fileRef = D270A8BC2476CAF300FE4686 /* RxSwift.framework */; settings = {ATTRIBUTES = (CodeSignOnCopy, RemoveHeadersOnCopy, ); }; };
		D270A8C32476CB1200FE4686 /* RxCocoa.framework in Frameworks */ = {isa = PBXBuildFile; fileRef = D270A8C22476CB1200FE4686 /* RxCocoa.framework */; };
		D270A8C42476CB1200FE4686 /* RxCocoa.framework in Embed Frameworks */ = {isa = PBXBuildFile; fileRef = D270A8C22476CB1200FE4686 /* RxCocoa.framework */; settings = {ATTRIBUTES = (CodeSignOnCopy, RemoveHeadersOnCopy, ); }; };
		D270A8C62476CB2700FE4686 /* RxRelay.framework in Frameworks */ = {isa = PBXBuildFile; fileRef = D270A8C52476CB2700FE4686 /* RxRelay.framework */; };
		D270A8C72476CB2700FE4686 /* RxRelay.framework in Embed Frameworks */ = {isa = PBXBuildFile; fileRef = D270A8C52476CB2700FE4686 /* RxRelay.framework */; settings = {ATTRIBUTES = (CodeSignOnCopy, RemoveHeadersOnCopy, ); }; };
		D270A8CF247821DC00FE4686 /* Main.storyboard in Resources */ = {isa = PBXBuildFile; fileRef = D270A8CE247821DC00FE4686 /* Main.storyboard */; };
		D270A8D12478272B00FE4686 /* ProfileViewController.swift in Sources */ = {isa = PBXBuildFile; fileRef = D270A8D02478272B00FE4686 /* ProfileViewController.swift */; };
		D270A8D32478286600FE4686 /* ProfileData.swift in Sources */ = {isa = PBXBuildFile; fileRef = D270A8D22478286600FE4686 /* ProfileData.swift */; };
		D270A8D524782D1D00FE4686 /* AlamofireImage.framework in Frameworks */ = {isa = PBXBuildFile; fileRef = D270A8D424782D1D00FE4686 /* AlamofireImage.framework */; };
		D270A8D624782D1D00FE4686 /* AlamofireImage.framework in Embed Frameworks */ = {isa = PBXBuildFile; fileRef = D270A8D424782D1D00FE4686 /* AlamofireImage.framework */; settings = {ATTRIBUTES = (CodeSignOnCopy, RemoveHeadersOnCopy, ); }; };
		D270A8DB247833F000FE4686 /* LaunchScreen.storyboard in Resources */ = {isa = PBXBuildFile; fileRef = D270A8D9247833F000FE4686 /* LaunchScreen.storyboard */; };
		D270A8DD24783CCB00FE4686 /* RepoDetailViewController.swift in Sources */ = {isa = PBXBuildFile; fileRef = D270A8DC24783CCB00FE4686 /* RepoDetailViewController.swift */; };
/* End PBXBuildFile section */

/* Begin PBXContainerItemProxy section */
		D20E79962474137400781624 /* PBXContainerItemProxy */ = {
			isa = PBXContainerItemProxy;
			containerPortal = D20E79742474137200781624 /* Project object */;
			proxyType = 1;
			remoteGlobalIDString = D20E797B2474137200781624;
			remoteInfo = GitHubRepoList;
		};
		D20E79A12474137500781624 /* PBXContainerItemProxy */ = {
			isa = PBXContainerItemProxy;
			containerPortal = D20E79742474137200781624 /* Project object */;
			proxyType = 1;
			remoteGlobalIDString = D20E797B2474137200781624;
			remoteInfo = GitHubRepoList;
		};
/* End PBXContainerItemProxy section */

/* Begin PBXCopyFilesBuildPhase section */
		D270A8B82476CAC800FE4686 /* Embed Frameworks */ = {
			isa = PBXCopyFilesBuildPhase;
			buildActionMask = 2147483647;
			dstPath = "";
			dstSubfolderSpec = 10;
			files = (
				D270A8BB2476CAE100FE4686 /* SwiftyJSON.framework in Embed Frameworks */,
				D270A8B72476CAC800FE4686 /* Alamofire.framework in Embed Frameworks */,
				D270A8C72476CB2700FE4686 /* RxRelay.framework in Embed Frameworks */,
				D270A8D624782D1D00FE4686 /* AlamofireImage.framework in Embed Frameworks */,
				D270A8BE2476CAF300FE4686 /* RxSwift.framework in Embed Frameworks */,
				D270A8C42476CB1200FE4686 /* RxCocoa.framework in Embed Frameworks */,
			);
			name = "Embed Frameworks";
			runOnlyForDeploymentPostprocessing = 0;
		};
/* End PBXCopyFilesBuildPhase section */

/* Begin PBXFileReference section */
		D20E797C2474137200781624 /* GitHubRepoList.app */ = {isa = PBXFileReference; explicitFileType = wrapper.application; includeInIndex = 0; path = GitHubRepoList.app; sourceTree = BUILT_PRODUCTS_DIR; };
		D20E797F2474137200781624 /* AppDelegate.swift */ = {isa = PBXFileReference; lastKnownFileType = sourcecode.swift; path = AppDelegate.swift; sourceTree = "<group>"; };
		D20E79812474137200781624 /* SceneDelegate.swift */ = {isa = PBXFileReference; lastKnownFileType = sourcecode.swift; path = SceneDelegate.swift; sourceTree = "<group>"; };
		D20E79832474137200781624 /* RepoListViewController.swift */ = {isa = PBXFileReference; lastKnownFileType = sourcecode.swift; path = RepoListViewController.swift; sourceTree = "<group>"; };
		D20E79892474137200781624 /* GitHubRepoList.xcdatamodel */ = {isa = PBXFileReference; lastKnownFileType = wrapper.xcdatamodel; path = GitHubRepoList.xcdatamodel; sourceTree = "<group>"; };
		D20E798B2474137400781624 /* Assets.xcassets */ = {isa = PBXFileReference; lastKnownFileType = folder.assetcatalog; path = Assets.xcassets; sourceTree = "<group>"; };
		D20E79902474137400781624 /* Info.plist */ = {isa = PBXFileReference; lastKnownFileType = text.plist.xml; path = Info.plist; sourceTree = "<group>"; };
		D20E79952474137400781624 /* GitHubRepoListTests.xctest */ = {isa = PBXFileReference; explicitFileType = wrapper.cfbundle; includeInIndex = 0; path = GitHubRepoListTests.xctest; sourceTree = BUILT_PRODUCTS_DIR; };
		D20E79992474137400781624 /* GitHubRepoListTests.swift */ = {isa = PBXFileReference; lastKnownFileType = sourcecode.swift; path = GitHubRepoListTests.swift; sourceTree = "<group>"; };
		D20E799B2474137400781624 /* Info.plist */ = {isa = PBXFileReference; lastKnownFileType = text.plist.xml; path = Info.plist; sourceTree = "<group>"; };
		D20E79A02474137500781624 /* GitHubRepoListUITests.xctest */ = {isa = PBXFileReference; explicitFileType = wrapper.cfbundle; includeInIndex = 0; path = GitHubRepoListUITests.xctest; sourceTree = BUILT_PRODUCTS_DIR; };
		D20E79A42474137500781624 /* GitHubRepoListUITests.swift */ = {isa = PBXFileReference; lastKnownFileType = sourcecode.swift; path = GitHubRepoListUITests.swift; sourceTree = "<group>"; };
		D20E79A62474137500781624 /* Info.plist */ = {isa = PBXFileReference; lastKnownFileType = text.plist.xml; path = Info.plist; sourceTree = "<group>"; };
		D20E79B82474182700781624 /* RepoListDataSource.swift */ = {isa = PBXFileReference; lastKnownFileType = sourcecode.swift; path = RepoListDataSource.swift; sourceTree = "<group>"; };
		D20E79BA24741B1500781624 /* ApiService.swift */ = {isa = PBXFileReference; lastKnownFileType = sourcecode.swift; path = ApiService.swift; sourceTree = "<group>"; };
		D270A8B52476CAC800FE4686 /* Alamofire.framework */ = {isa = PBXFileReference; lastKnownFileType = wrapper.framework; name = Alamofire.framework; path = Carthage/Build/iOS/Alamofire.framework; sourceTree = "<group>"; };
		D270A8B92476CAE100FE4686 /* SwiftyJSON.framework */ = {isa = PBXFileReference; lastKnownFileType = wrapper.framework; name = SwiftyJSON.framework; path = Carthage/Build/iOS/SwiftyJSON.framework; sourceTree = "<group>"; };
		D270A8BC2476CAF300FE4686 /* RxSwift.framework */ = {isa = PBXFileReference; lastKnownFileType = wrapper.framework; name = RxSwift.framework; path = Carthage/Build/iOS/RxSwift.framework; sourceTree = "<group>"; };
		D270A8BF2476CB0500FE4686 /* RxBlocking.framework */ = {isa = PBXFileReference; lastKnownFileType = wrapper.framework; name = RxBlocking.framework; path = Carthage/Build/iOS/RxBlocking.framework; sourceTree = "<group>"; };
		D270A8C22476CB1200FE4686 /* RxCocoa.framework */ = {isa = PBXFileReference; lastKnownFileType = wrapper.framework; name = RxCocoa.framework; path = Carthage/Build/iOS/RxCocoa.framework; sourceTree = "<group>"; };
		D270A8C52476CB2700FE4686 /* RxRelay.framework */ = {isa = PBXFileReference; lastKnownFileType = wrapper.framework; name = RxRelay.framework; path = Carthage/Build/iOS/RxRelay.framework; sourceTree = "<group>"; };
		D270A8C82476CB3700FE4686 /* RxTest.framework */ = {isa = PBXFileReference; lastKnownFileType = wrapper.framework; name = RxTest.framework; path = Carthage/Build/iOS/RxTest.framework; sourceTree = "<group>"; };
		D270A8CE247821DC00FE4686 /* Main.storyboard */ = {isa = PBXFileReference; lastKnownFileType = file.storyboard; path = Main.storyboard; sourceTree = "<group>"; };
		D270A8D02478272B00FE4686 /* ProfileViewController.swift */ = {isa = PBXFileReference; lastKnownFileType = sourcecode.swift; path = ProfileViewController.swift; sourceTree = "<group>"; };
		D270A8D22478286600FE4686 /* ProfileData.swift */ = {isa = PBXFileReference; lastKnownFileType = sourcecode.swift; path = ProfileData.swift; sourceTree = "<group>"; };
		D270A8D424782D1D00FE4686 /* AlamofireImage.framework */ = {isa = PBXFileReference; lastKnownFileType = wrapper.framework; name = AlamofireImage.framework; path = Carthage/Build/iOS/AlamofireImage.framework; sourceTree = "<group>"; };
		D270A8DA247833F000FE4686 /* Base */ = {isa = PBXFileReference; lastKnownFileType = file.storyboard; name = Base; path = Base.lproj/LaunchScreen.storyboard; sourceTree = "<group>"; };
		D270A8DC24783CCB00FE4686 /* RepoDetailViewController.swift */ = {isa = PBXFileReference; lastKnownFileType = sourcecode.swift; path = RepoDetailViewController.swift; sourceTree = "<group>"; };
/* End PBXFileReference section */

/* Begin PBXFrameworksBuildPhase section */
		D20E79792474137200781624 /* Frameworks */ = {
			isa = PBXFrameworksBuildPhase;
			buildActionMask = 2147483647;
			files = (
				D270A8BA2476CAE100FE4686 /* SwiftyJSON.framework in Frameworks */,
				D270A8B62476CAC800FE4686 /* Alamofire.framework in Frameworks */,
				D270A8C62476CB2700FE4686 /* RxRelay.framework in Frameworks */,
				D270A8D524782D1D00FE4686 /* AlamofireImage.framework in Frameworks */,
				D270A8BD2476CAF300FE4686 /* RxSwift.framework in Frameworks */,
				D270A8C32476CB1200FE4686 /* RxCocoa.framework in Frameworks */,
			);
			runOnlyForDeploymentPostprocessing = 0;
		};
		D20E79922474137400781624 /* Frameworks */ = {
			isa = PBXFrameworksBuildPhase;
			buildActionMask = 2147483647;
			files = (
			);
			runOnlyForDeploymentPostprocessing = 0;
		};
		D20E799D2474137500781624 /* Frameworks */ = {
			isa = PBXFrameworksBuildPhase;
			buildActionMask = 2147483647;
			files = (
			);
			runOnlyForDeploymentPostprocessing = 0;
		};
/* End PBXFrameworksBuildPhase section */

/* Begin PBXGroup section */
		D20E79732474137200781624 = {
			isa = PBXGroup;
			children = (
				D20E797E2474137200781624 /* GitHubRepoList */,
				D20E79982474137400781624 /* GitHubRepoListTests */,
				D20E79A32474137500781624 /* GitHubRepoListUITests */,
				D20E797D2474137200781624 /* Products */,
				D270A8B42476CAC800FE4686 /* Frameworks */,
			);
			sourceTree = "<group>";
		};
		D20E797D2474137200781624 /* Products */ = {
			isa = PBXGroup;
			children = (
				D20E797C2474137200781624 /* GitHubRepoList.app */,
				D20E79952474137400781624 /* GitHubRepoListTests.xctest */,
				D20E79A02474137500781624 /* GitHubRepoListUITests.xctest */,
			);
			name = Products;
			sourceTree = "<group>";
		};
		D20E797E2474137200781624 /* GitHubRepoList */ = {
			isa = PBXGroup;
			children = (
				D270A8D9247833F000FE4686 /* LaunchScreen.storyboard */,
				D20E797F2474137200781624 /* AppDelegate.swift */,
				D20E79812474137200781624 /* SceneDelegate.swift */,
				D20E79832474137200781624 /* RepoListViewController.swift */,
				D270A8DC24783CCB00FE4686 /* RepoDetailViewController.swift */,
				D270A8D02478272B00FE4686 /* ProfileViewController.swift */,
				D270A8CE247821DC00FE4686 /* Main.storyboard */,
				D20E798B2474137400781624 /* Assets.xcassets */,
				D20E79902474137400781624 /* Info.plist */,
				D20E79882474137200781624 /* GitHubRepoList.xcdatamodeld */,
				D20E79B82474182700781624 /* RepoListDataSource.swift */,
				D20E79BA24741B1500781624 /* ApiService.swift */,
				D270A8D22478286600FE4686 /* ProfileData.swift */,
			);
			path = GitHubRepoList;
			sourceTree = "<group>";
		};
		D20E79982474137400781624 /* GitHubRepoListTests */ = {
			isa = PBXGroup;
			children = (
				D20E79992474137400781624 /* GitHubRepoListTests.swift */,
				D20E799B2474137400781624 /* Info.plist */,
			);
			path = GitHubRepoListTests;
			sourceTree = "<group>";
		};
		D20E79A32474137500781624 /* GitHubRepoListUITests */ = {
			isa = PBXGroup;
			children = (
				D20E79A42474137500781624 /* GitHubRepoListUITests.swift */,
				D20E79A62474137500781624 /* Info.plist */,
			);
			path = GitHubRepoListUITests;
			sourceTree = "<group>";
		};
		D270A8B42476CAC800FE4686 /* Frameworks */ = {
			isa = PBXGroup;
			children = (
				D270A8D424782D1D00FE4686 /* AlamofireImage.framework */,
				D270A8C82476CB3700FE4686 /* RxTest.framework */,
				D270A8C52476CB2700FE4686 /* RxRelay.framework */,
				D270A8C22476CB1200FE4686 /* RxCocoa.framework */,
				D270A8BF2476CB0500FE4686 /* RxBlocking.framework */,
				D270A8BC2476CAF300FE4686 /* RxSwift.framework */,
				D270A8B92476CAE100FE4686 /* SwiftyJSON.framework */,
				D270A8B52476CAC800FE4686 /* Alamofire.framework */,
			);
			name = Frameworks;
			sourceTree = "<group>";
		};
/* End PBXGroup section */

/* Begin PBXNativeTarget section */
		D20E797B2474137200781624 /* GitHubRepoList */ = {
			isa = PBXNativeTarget;
			buildConfigurationList = D20E79A92474137500781624 /* Build configuration list for PBXNativeTarget "GitHubRepoList" */;
			buildPhases = (
				D20E79782474137200781624 /* Sources */,
				D20E79792474137200781624 /* Frameworks */,
				D20E797A2474137200781624 /* Resources */,
				D270A8B82476CAC800FE4686 /* Embed Frameworks */,
				D270A8CB2476CB5900FE4686 /* ShellScript */,
			);
			buildRules = (
			);
			dependencies = (
			);
			name = GitHubRepoList;
			packageProductDependencies = (
			);
			productName = GitHubRepoList;
			productReference = D20E797C2474137200781624 /* GitHubRepoList.app */;
			productType = "com.apple.product-type.application";
		};
		D20E79942474137400781624 /* GitHubRepoListTests */ = {
			isa = PBXNativeTarget;
			buildConfigurationList = D20E79AC2474137500781624 /* Build configuration list for PBXNativeTarget "GitHubRepoListTests" */;
			buildPhases = (
				D20E79912474137400781624 /* Sources */,
				D20E79922474137400781624 /* Frameworks */,
				D20E79932474137400781624 /* Resources */,
			);
			buildRules = (
			);
			dependencies = (
				D20E79972474137400781624 /* PBXTargetDependency */,
			);
			name = GitHubRepoListTests;
			productName = GitHubRepoListTests;
			productReference = D20E79952474137400781624 /* GitHubRepoListTests.xctest */;
			productType = "com.apple.product-type.bundle.unit-test";
		};
		D20E799F2474137500781624 /* GitHubRepoListUITests */ = {
			isa = PBXNativeTarget;
			buildConfigurationList = D20E79AF2474137500781624 /* Build configuration list for PBXNativeTarget "GitHubRepoListUITests" */;
			buildPhases = (
				D20E799C2474137500781624 /* Sources */,
				D20E799D2474137500781624 /* Frameworks */,
				D20E799E2474137500781624 /* Resources */,
			);
			buildRules = (
			);
			dependencies = (
				D20E79A22474137500781624 /* PBXTargetDependency */,
			);
			name = GitHubRepoListUITests;
			productName = GitHubRepoListUITests;
			productReference = D20E79A02474137500781624 /* GitHubRepoListUITests.xctest */;
			productType = "com.apple.product-type.bundle.ui-testing";
		};
/* End PBXNativeTarget section */

/* Begin PBXProject section */
		D20E79742474137200781624 /* Project object */ = {
			isa = PBXProject;
			attributes = {
				LastSwiftUpdateCheck = 1140;
				LastUpgradeCheck = 1140;
				ORGANIZATIONNAME = "Satoshi Watanabe";
				TargetAttributes = {
					D20E797B2474137200781624 = {
						CreatedOnToolsVersion = 11.4.1;
					};
					D20E79942474137400781624 = {
						CreatedOnToolsVersion = 11.4.1;
						TestTargetID = D20E797B2474137200781624;
					};
					D20E799F2474137500781624 = {
						CreatedOnToolsVersion = 11.4.1;
						TestTargetID = D20E797B2474137200781624;
					};
				};
			};
			buildConfigurationList = D20E79772474137200781624 /* Build configuration list for PBXProject "GitHubRepoList" */;
			compatibilityVersion = "Xcode 9.3";
			developmentRegion = en;
			hasScannedForEncodings = 0;
			knownRegions = (
				en,
				Base,
			);
			mainGroup = D20E79732474137200781624;
			packageReferences = (
			);
			productRefGroup = D20E797D2474137200781624 /* Products */;
			projectDirPath = "";
			projectRoot = "";
			targets = (
				D20E797B2474137200781624 /* GitHubRepoList */,
				D20E79942474137400781624 /* GitHubRepoListTests */,
				D20E799F2474137500781624 /* GitHubRepoListUITests */,
			);
		};
/* End PBXProject section */

/* Begin PBXResourcesBuildPhase section */
		D20E797A2474137200781624 /* Resources */ = {
			isa = PBXResourcesBuildPhase;
			buildActionMask = 2147483647;
			files = (
				D20E798C2474137400781624 /* Assets.xcassets in Resources */,
				D270A8DB247833F000FE4686 /* LaunchScreen.storyboard in Resources */,
				D270A8CF247821DC00FE4686 /* Main.storyboard in Resources */,
			);
			runOnlyForDeploymentPostprocessing = 0;
		};
		D20E79932474137400781624 /* Resources */ = {
			isa = PBXResourcesBuildPhase;
			buildActionMask = 2147483647;
			files = (
			);
			runOnlyForDeploymentPostprocessing = 0;
		};
		D20E799E2474137500781624 /* Resources */ = {
			isa = PBXResourcesBuildPhase;
			buildActionMask = 2147483647;
			files = (
			);
			runOnlyForDeploymentPostprocessing = 0;
		};
/* End PBXResourcesBuildPhase section */

/* Begin PBXShellScriptBuildPhase section */
		D270A8CB2476CB5900FE4686 /* ShellScript */ = {
			isa = PBXShellScriptBuildPhase;
			buildActionMask = 2147483647;
			files = (
			);
			inputFileListPaths = (
			);
			inputPaths = (
				"$(SRCROOT)/Carthage/Build/iOS/Alamofire.framework",
				"$(SRCROOT)/Carthage/Build/iOS/SwiftyJSON.framework",
				"$(SRCROOT)/Carthage/Build/iOS/RxCocoa.framework",
				"$(SRCROOT)/Carthage/Build/iOS/RxRelay.framework",
				"$(SRCROOT)/Carthage/Build/iOS/RxSwift.framework",
				"$(SRCROOT)/Carthage/Build/iOS/AlamofireImage.framework",
			);
			outputFileListPaths = (
			);
			outputPaths = (
			);
			runOnlyForDeploymentPostprocessing = 0;
			shellPath = /bin/sh;
			shellScript = "/usr/local/bin/carthage copy-frameworks\n";
		};
/* End PBXShellScriptBuildPhase section */

/* Begin PBXSourcesBuildPhase section */
		D20E79782474137200781624 /* Sources */ = {
			isa = PBXSourcesBuildPhase;
			buildActionMask = 2147483647;
			files = (
				D20E798A2474137200781624 /* GitHubRepoList.xcdatamodeld in Sources */,
				D20E79842474137200781624 /* RepoListViewController.swift in Sources */,
				D270A8D32478286600FE4686 /* ProfileData.swift in Sources */,
				D20E79BB24741B1500781624 /* ApiService.swift in Sources */,
				D20E79802474137200781624 /* AppDelegate.swift in Sources */,
				D20E79B92474182700781624 /* RepoListDataSource.swift in Sources */,
				D270A8DD24783CCB00FE4686 /* RepoDetailViewController.swift in Sources */,
				D270A8D12478272B00FE4686 /* ProfileViewController.swift in Sources */,
				D20E79822474137200781624 /* SceneDelegate.swift in Sources */,
			);
			runOnlyForDeploymentPostprocessing = 0;
		};
		D20E79912474137400781624 /* Sources */ = {
			isa = PBXSourcesBuildPhase;
			buildActionMask = 2147483647;
			files = (
				D20E799A2474137400781624 /* GitHubRepoListTests.swift in Sources */,
			);
			runOnlyForDeploymentPostprocessing = 0;
		};
		D20E799C2474137500781624 /* Sources */ = {
			isa = PBXSourcesBuildPhase;
			buildActionMask = 2147483647;
			files = (
				D20E79A52474137500781624 /* GitHubRepoListUITests.swift in Sources */,
			);
			runOnlyForDeploymentPostprocessing = 0;
		};
/* End PBXSourcesBuildPhase section */

/* Begin PBXTargetDependency section */
		D20E79972474137400781624 /* PBXTargetDependency */ = {
			isa = PBXTargetDependency;
			target = D20E797B2474137200781624 /* GitHubRepoList */;
			targetProxy = D20E79962474137400781624 /* PBXContainerItemProxy */;
		};
		D20E79A22474137500781624 /* PBXTargetDependency */ = {
			isa = PBXTargetDependency;
			target = D20E797B2474137200781624 /* GitHubRepoList */;
			targetProxy = D20E79A12474137500781624 /* PBXContainerItemProxy */;
		};
/* End PBXTargetDependency section */

/* Begin PBXVariantGroup section */
		D270A8D9247833F000FE4686 /* LaunchScreen.storyboard */ = {
			isa = PBXVariantGroup;
			children = (
				D270A8DA247833F000FE4686 /* Base */,
			);
			name = LaunchScreen.storyboard;
			sourceTree = "<group>";
		};
/* End PBXVariantGroup section */

/* Begin XCBuildConfiguration section */
		D20E79A72474137500781624 /* Debug */ = {
			isa = XCBuildConfiguration;
			buildSettings = {
				ALWAYS_SEARCH_USER_PATHS = NO;
				CLANG_ANALYZER_NONNULL = YES;
				CLANG_ANALYZER_NUMBER_OBJECT_CONVERSION = YES_AGGRESSIVE;
				CLANG_CXX_LANGUAGE_STANDARD = "gnu++14";
				CLANG_CXX_LIBRARY = "libc++";
				CLANG_ENABLE_MODULES = YES;
				CLANG_ENABLE_OBJC_ARC = YES;
				CLANG_ENABLE_OBJC_WEAK = YES;
				CLANG_WARN_BLOCK_CAPTURE_AUTORELEASING = YES;
				CLANG_WARN_BOOL_CONVERSION = YES;
				CLANG_WARN_COMMA = YES;
				CLANG_WARN_CONSTANT_CONVERSION = YES;
				CLANG_WARN_DEPRECATED_OBJC_IMPLEMENTATIONS = YES;
				CLANG_WARN_DIRECT_OBJC_ISA_USAGE = YES_ERROR;
				CLANG_WARN_DOCUMENTATION_COMMENTS = YES;
				CLANG_WARN_EMPTY_BODY = YES;
				CLANG_WARN_ENUM_CONVERSION = YES;
				CLANG_WARN_INFINITE_RECURSION = YES;
				CLANG_WARN_INT_CONVERSION = YES;
				CLANG_WARN_NON_LITERAL_NULL_CONVERSION = YES;
				CLANG_WARN_OBJC_IMPLICIT_RETAIN_SELF = YES;
				CLANG_WARN_OBJC_LITERAL_CONVERSION = YES;
				CLANG_WARN_OBJC_ROOT_CLASS = YES_ERROR;
				CLANG_WARN_RANGE_LOOP_ANALYSIS = YES;
				CLANG_WARN_STRICT_PROTOTYPES = YES;
				CLANG_WARN_SUSPICIOUS_MOVE = YES;
				CLANG_WARN_UNGUARDED_AVAILABILITY = YES_AGGRESSIVE;
				CLANG_WARN_UNREACHABLE_CODE = YES;
				CLANG_WARN__DUPLICATE_METHOD_MATCH = YES;
				COPY_PHASE_STRIP = NO;
				DEBUG_INFORMATION_FORMAT = dwarf;
				ENABLE_STRICT_OBJC_MSGSEND = YES;
				ENABLE_TESTABILITY = YES;
				GCC_C_LANGUAGE_STANDARD = gnu11;
				GCC_DYNAMIC_NO_PIC = NO;
				GCC_NO_COMMON_BLOCKS = YES;
				GCC_OPTIMIZATION_LEVEL = 0;
				GCC_PREPROCESSOR_DEFINITIONS = (
					"DEBUG=1",
					"$(inherited)",
				);
				GCC_WARN_64_TO_32_BIT_CONVERSION = YES;
				GCC_WARN_ABOUT_RETURN_TYPE = YES_ERROR;
				GCC_WARN_UNDECLARED_SELECTOR = YES;
				GCC_WARN_UNINITIALIZED_AUTOS = YES_AGGRESSIVE;
				GCC_WARN_UNUSED_FUNCTION = YES;
				GCC_WARN_UNUSED_VARIABLE = YES;
				IPHONEOS_DEPLOYMENT_TARGET = 13.4;
				LIBRARY_SEARCH_PATHS = "";
				MTL_ENABLE_DEBUG_INFO = INCLUDE_SOURCE;
				MTL_FAST_MATH = YES;
				ONLY_ACTIVE_ARCH = YES;
				SDKROOT = iphoneos;
				SWIFT_ACTIVE_COMPILATION_CONDITIONS = DEBUG;
				SWIFT_OPTIMIZATION_LEVEL = "-Onone";
			};
			name = Debug;
		};
		D20E79A82474137500781624 /* Release */ = {
			isa = XCBuildConfiguration;
			buildSettings = {
				ALWAYS_SEARCH_USER_PATHS = NO;
				CLANG_ANALYZER_NONNULL = YES;
				CLANG_ANALYZER_NUMBER_OBJECT_CONVERSION = YES_AGGRESSIVE;
				CLANG_CXX_LANGUAGE_STANDARD = "gnu++14";
				CLANG_CXX_LIBRARY = "libc++";
				CLANG_ENABLE_MODULES = YES;
				CLANG_ENABLE_OBJC_ARC = YES;
				CLANG_ENABLE_OBJC_WEAK = YES;
				CLANG_WARN_BLOCK_CAPTURE_AUTORELEASING = YES;
				CLANG_WARN_BOOL_CONVERSION = YES;
				CLANG_WARN_COMMA = YES;
				CLANG_WARN_CONSTANT_CONVERSION = YES;
				CLANG_WARN_DEPRECATED_OBJC_IMPLEMENTATIONS = YES;
				CLANG_WARN_DIRECT_OBJC_ISA_USAGE = YES_ERROR;
				CLANG_WARN_DOCUMENTATION_COMMENTS = YES;
				CLANG_WARN_EMPTY_BODY = YES;
				CLANG_WARN_ENUM_CONVERSION = YES;
				CLANG_WARN_INFINITE_RECURSION = YES;
				CLANG_WARN_INT_CONVERSION = YES;
				CLANG_WARN_NON_LITERAL_NULL_CONVERSION = YES;
				CLANG_WARN_OBJC_IMPLICIT_RETAIN_SELF = YES;
				CLANG_WARN_OBJC_LITERAL_CONVERSION = YES;
				CLANG_WARN_OBJC_ROOT_CLASS = YES_ERROR;
				CLANG_WARN_RANGE_LOOP_ANALYSIS = YES;
				CLANG_WARN_STRICT_PROTOTYPES = YES;
				CLANG_WARN_SUSPICIOUS_MOVE = YES;
				CLANG_WARN_UNGUARDED_AVAILABILITY = YES_AGGRESSIVE;
				CLANG_WARN_UNREACHABLE_CODE = YES;
				CLANG_WARN__DUPLICATE_METHOD_MATCH = YES;
				COPY_PHASE_STRIP = NO;
				DEBUG_INFORMATION_FORMAT = "dwarf-with-dsym";
				ENABLE_NS_ASSERTIONS = NO;
				ENABLE_STRICT_OBJC_MSGSEND = YES;
				GCC_C_LANGUAGE_STANDARD = gnu11;
				GCC_NO_COMMON_BLOCKS = YES;
				GCC_WARN_64_TO_32_BIT_CONVERSION = YES;
				GCC_WARN_ABOUT_RETURN_TYPE = YES_ERROR;
				GCC_WARN_UNDECLARED_SELECTOR = YES;
				GCC_WARN_UNINITIALIZED_AUTOS = YES_AGGRESSIVE;
				GCC_WARN_UNUSED_FUNCTION = YES;
				GCC_WARN_UNUSED_VARIABLE = YES;
				IPHONEOS_DEPLOYMENT_TARGET = 13.4;
				LIBRARY_SEARCH_PATHS = "";
				MTL_ENABLE_DEBUG_INFO = NO;
				MTL_FAST_MATH = YES;
				SDKROOT = iphoneos;
				SWIFT_COMPILATION_MODE = wholemodule;
				SWIFT_OPTIMIZATION_LEVEL = "-O";
				VALIDATE_PRODUCT = YES;
			};
			name = Release;
		};
		D20E79AA2474137500781624 /* Debug */ = {
			isa = XCBuildConfiguration;
			buildSettings = {
				ASSETCATALOG_COMPILER_APPICON_NAME = AppIcon;
				CODE_SIGN_STYLE = Automatic;
				FRAMEWORK_SEARCH_PATHS = (
					"$(inherited)",
					"$(PROJECT_DIR)/Carthage/Build/iOS",
				);
				INFOPLIST_FILE = GitHubRepoList/Info.plist;
				LD_RUNPATH_SEARCH_PATHS = (
					"$(inherited)",
					"@executable_path/Frameworks",
				);
				PRODUCT_BUNDLE_IDENTIFIER = io.github.sassy.GitHubRepoList;
				PRODUCT_NAME = "$(TARGET_NAME)";
				SWIFT_VERSION = 5.0;
				TARGETED_DEVICE_FAMILY = "1,2";
			};
			name = Debug;
		};
		D20E79AB2474137500781624 /* Release */ = {
			isa = XCBuildConfiguration;
			buildSettings = {
				ASSETCATALOG_COMPILER_APPICON_NAME = AppIcon;
				CODE_SIGN_STYLE = Automatic;
				FRAMEWORK_SEARCH_PATHS = (
					"$(inherited)",
					"$(PROJECT_DIR)/Carthage/Build/iOS",
				);
				INFOPLIST_FILE = GitHubRepoList/Info.plist;
				LD_RUNPATH_SEARCH_PATHS = (
					"$(inherited)",
					"@executable_path/Frameworks",
				);
				PRODUCT_BUNDLE_IDENTIFIER = io.github.sassy.GitHubRepoList;
				PRODUCT_NAME = "$(TARGET_NAME)";
				SWIFT_VERSION = 5.0;
				TARGETED_DEVICE_FAMILY = "1,2";
			};
			name = Release;
		};
		D20E79AD2474137500781624 /* Debug */ = {
			isa = XCBuildConfiguration;
			buildSettings = {
				ALWAYS_EMBED_SWIFT_STANDARD_LIBRARIES = YES;
				BUNDLE_LOADER = "$(TEST_HOST)";
				CODE_SIGN_STYLE = Automatic;
				INFOPLIST_FILE = GitHubRepoListTests/Info.plist;
				IPHONEOS_DEPLOYMENT_TARGET = 13.4;
				LD_RUNPATH_SEARCH_PATHS = (
					"$(inherited)",
					"@executable_path/Frameworks",
					"@loader_path/Frameworks",
				);
				PRODUCT_BUNDLE_IDENTIFIER = io.github.sassy.GitHubRepoListTests;
				PRODUCT_NAME = "$(TARGET_NAME)";
				SWIFT_VERSION = 5.0;
				TARGETED_DEVICE_FAMILY = "1,2";
				TEST_HOST = "$(BUILT_PRODUCTS_DIR)/GitHubRepoList.app/GitHubRepoList";
			};
			name = Debug;
		};
		D20E79AE2474137500781624 /* Release */ = {
			isa = XCBuildConfiguration;
			buildSettings = {
				ALWAYS_EMBED_SWIFT_STANDARD_LIBRARIES = YES;
				BUNDLE_LOADER = "$(TEST_HOST)";
				CODE_SIGN_STYLE = Automatic;
				INFOPLIST_FILE = GitHubRepoListTests/Info.plist;
				IPHONEOS_DEPLOYMENT_TARGET = 13.4;
				LD_RUNPATH_SEARCH_PATHS = (
					"$(inherited)",
					"@executable_path/Frameworks",
					"@loader_path/Frameworks",
				);
				PRODUCT_BUNDLE_IDENTIFIER = io.github.sassy.GitHubRepoListTests;
				PRODUCT_NAME = "$(TARGET_NAME)";
				SWIFT_VERSION = 5.0;
				TARGETED_DEVICE_FAMILY = "1,2";
				TEST_HOST = "$(BUILT_PRODUCTS_DIR)/GitHubRepoList.app/GitHubRepoList";
			};
			name = Release;
		};
		D20E79B02474137500781624 /* Debug */ = {
			isa = XCBuildConfiguration;
			buildSettings = {
				ALWAYS_EMBED_SWIFT_STANDARD_LIBRARIES = YES;
				CODE_SIGN_STYLE = Automatic;
				INFOPLIST_FILE = GitHubRepoListUITests/Info.plist;
				LD_RUNPATH_SEARCH_PATHS = (
					"$(inherited)",
					"@executable_path/Frameworks",
					"@loader_path/Frameworks",
				);
				PRODUCT_BUNDLE_IDENTIFIER = io.github.sassy.GitHubRepoListUITests;
				PRODUCT_NAME = "$(TARGET_NAME)";
				SWIFT_VERSION = 5.0;
				TARGETED_DEVICE_FAMILY = "1,2";
				TEST_TARGET_NAME = GitHubRepoList;
			};
			name = Debug;
		};
		D20E79B12474137500781624 /* Release */ = {
			isa = XCBuildConfiguration;
			buildSettings = {
				ALWAYS_EMBED_SWIFT_STANDARD_LIBRARIES = YES;
				CODE_SIGN_STYLE = Automatic;
				INFOPLIST_FILE = GitHubRepoListUITests/Info.plist;
				LD_RUNPATH_SEARCH_PATHS = (
					"$(inherited)",
					"@executable_path/Frameworks",
					"@loader_path/Frameworks",
				);
				PRODUCT_BUNDLE_IDENTIFIER = io.github.sassy.GitHubRepoListUITests;
				PRODUCT_NAME = "$(TARGET_NAME)";
				SWIFT_VERSION = 5.0;
				TARGETED_DEVICE_FAMILY = "1,2";
				TEST_TARGET_NAME = GitHubRepoList;
			};
			name = Release;
		};
/* End XCBuildConfiguration section */

/* Begin XCConfigurationList section */
		D20E79772474137200781624 /* Build configuration list for PBXProject "GitHubRepoList" */ = {
			isa = XCConfigurationList;
			buildConfigurations = (
				D20E79A72474137500781624 /* Debug */,
				D20E79A82474137500781624 /* Release */,
			);
			defaultConfigurationIsVisible = 0;
			defaultConfigurationName = Release;
		};
		D20E79A92474137500781624 /* Build configuration list for PBXNativeTarget "GitHubRepoList" */ = {
			isa = XCConfigurationList;
			buildConfigurations = (
				D20E79AA2474137500781624 /* Debug */,
				D20E79AB2474137500781624 /* Release */,
			);
			defaultConfigurationIsVisible = 0;
			defaultConfigurationName = Release;
		};
		D20E79AC2474137500781624 /* Build configuration list for PBXNativeTarget "GitHubRepoListTests" */ = {
			isa = XCConfigurationList;
			buildConfigurations = (
				D20E79AD2474137500781624 /* Debug */,
				D20E79AE2474137500781624 /* Release */,
			);
			defaultConfigurationIsVisible = 0;
			defaultConfigurationName = Release;
		};
		D20E79AF2474137500781624 /* Build configuration list for PBXNativeTarget "GitHubRepoListUITests" */ = {
			isa = XCConfigurationList;
			buildConfigurations = (
				D20E79B02474137500781624 /* Debug */,
				D20E79B12474137500781624 /* Release */,
			);
			defaultConfigurationIsVisible = 0;
			defaultConfigurationName = Release;
		};
/* End XCConfigurationList section */

/* Begin XCVersionGroup section */
		D20E79882474137200781624 /* GitHubRepoList.xcdatamodeld */ = {
			isa = XCVersionGroup;
			children = (
				D20E79892474137200781624 /* GitHubRepoList.xcdatamodel */,
			);
			currentVersion = D20E79892474137200781624 /* GitHubRepoList.xcdatamodel */;
			path = GitHubRepoList.xcdatamodeld;
			sourceTree = "<group>";
			versionGroupType = wrapper.xcdatamodel;
		};
/* End XCVersionGroup section */
	};
	rootObject = D20E79742474137200781624 /* Project object */;
}
